
Microsoft Visual Studio Solution File, Format Version 12.00
# Visual Studio Version 17
VisualStudioVersion = 17.7.34031.279
MinimumVisualStudioVersion = 10.0.40219.1
Project("{8BC9CEB8-8B4A-11D0-8D11-00A0C91BC942}") = "Cpp_basic_read", "Cpp_basic_read\Cpp_basic_read.vcxproj", "{9E905308-72C8-450E-9041-0BF4C842E114}"
EndProject
Project("{8BC9CEB8-8B4A-11D0-8D11-00A0C91BC942}") = "Cpp_manager", "Cpp_manager\Cpp_manager.vcxproj", "{375F83AA-5B1F-4189-9E62-957636A58D0F}"
EndProject
Project("{8BC9CEB8-8B4A-11D0-8D11-00A0C91BC942}") = "bts_freeemg_manage", "bts_freeemg_manage\bts_freeemg_manage.vcxproj", "{E881DD8E-FADC-404C-A51C-B1C5ECDFD16E}"
EndProject
Project("{8BC9CEB8-8B4A-11D0-8D11-00A0C91BC942}") = "Library_prove", "Library_prove\Library_prove.vcxproj", "{5718ED3D-0505-4FF4-A7DE-2BD3254B9C3C}"
EndProject
Project("{8BC9CEB8-8B4A-11D0-8D11-00A0C91BC942}") = "xsens_basic_lib", "xsens_basic_lib\xsens_basic_lib.vcxproj", "{BCAFBA5E-5CFB-4468-A23A-8838A6CD175E}"
EndProject
Project("{8BC9CEB8-8B4A-11D0-8D11-00A0C91BC942}") = "Library_proveXme", "Library_proveXme\Library_proveXme.vcxproj", "{0262F672-1F43-4597-B725-4DD62F41D80B}"
EndProject
Project("{8BC9CEB8-8B4A-11D0-8D11-00A0C91BC942}") = "jsonemg", "jsonemg\jsonemg.vcxproj", "{F74E0CE3-CE1B-44FE-81D6-029E82530BFD}"
EndProject
Project("{8BC9CEB8-8B4A-11D0-8D11-00A0C91BC942}") = "bts_xsens_implementation", "bts_xsens_implementation\bts_xsens_implementation.vcxproj", "{5641CB39-73B1-404B-A9BA-B3D91FC51F18}"
EndProject
Project("{8BC9CEB8-8B4A-11D0-8D11-00A0C91BC942}") = "Multifile_xsens_prove", "Multifile_xsens_prove\Multifile_xsens_prove.vcxproj", "{E84E758B-D73C-4498-9FCA-869A5306FC3B}"
EndProject
Project("{8BC9CEB8-8B4A-11D0-8D11-00A0C91BC942}") = "ConsoleApplication1", "ConsoleApplication1\ConsoleApplication1.vcxproj", "{42D4A3E0-5D02-4ED7-A6AC-69074B034B75}"
EndProject
Project("{8BC9CEB8-8B4A-11D0-8D11-00A0C91BC942}") = "EMG_send_SQL", "EMG_send_SQL\EMG_send_SQL.vcxproj", "{D96E2B53-03EE-45A8-9020-F889FADFBFEC}"
EndProject
Project("{8BC9CEB8-8B4A-11D0-8D11-00A0C91BC942}") = "XSENS_send_SQL", "XSENS_send_SQL\XSENS_send_SQL.vcxproj", "{049030D1-A459-4049-8D2F-5DA97AB7C253}"
EndProject
Global
	GlobalSection(SolutionConfigurationPlatforms) = preSolution
		Debug|x64 = Debug|x64
		Debug|x86 = Debug|x86
		Release|x64 = Release|x64
		Release|x86 = Release|x86
	EndGlobalSection
	GlobalSection(ProjectConfigurationPlatforms) = postSolution
		{9E905308-72C8-450E-9041-0BF4C842E114}.Debug|x64.ActiveCfg = Debug|x64
		{9E905308-72C8-450E-9041-0BF4C842E114}.Debug|x64.Build.0 = Debug|x64
		{9E905308-72C8-450E-9041-0BF4C842E114}.Debug|x86.ActiveCfg = Debug|Win32
		{9E905308-72C8-450E-9041-0BF4C842E114}.Debug|x86.Build.0 = Debug|Win32
		{9E905308-72C8-450E-9041-0BF4C842E114}.Release|x64.ActiveCfg = Release|x64
		{9E905308-72C8-450E-9041-0BF4C842E114}.Release|x64.Build.0 = Release|x64
		{9E905308-72C8-450E-9041-0BF4C842E114}.Release|x86.ActiveCfg = Release|Win32
		{9E905308-72C8-450E-9041-0BF4C842E114}.Release|x86.Build.0 = Release|Win32
		{375F83AA-5B1F-4189-9E62-957636A58D0F}.Debug|x64.ActiveCfg = Debug|x64
		{375F83AA-5B1F-4189-9E62-957636A58D0F}.Debug|x64.Build.0 = Debug|x64
		{375F83AA-5B1F-4189-9E62-957636A58D0F}.Debug|x86.ActiveCfg = Debug|Win32
		{375F83AA-5B1F-4189-9E62-957636A58D0F}.Debug|x86.Build.0 = Debug|Win32
		{375F83AA-5B1F-4189-9E62-957636A58D0F}.Release|x64.ActiveCfg = Release|x64
		{375F83AA-5B1F-4189-9E62-957636A58D0F}.Release|x64.Build.0 = Release|x64
		{375F83AA-5B1F-4189-9E62-957636A58D0F}.Release|x86.ActiveCfg = Release|Win32
		{375F83AA-5B1F-4189-9E62-957636A58D0F}.Release|x86.Build.0 = Release|Win32
		{E881DD8E-FADC-404C-A51C-B1C5ECDFD16E}.Debug|x64.ActiveCfg = Debug|x64
		{E881DD8E-FADC-404C-A51C-B1C5ECDFD16E}.Debug|x64.Build.0 = Debug|x64
		{E881DD8E-FADC-404C-A51C-B1C5ECDFD16E}.Debug|x86.ActiveCfg = Debug|Win32
		{E881DD8E-FADC-404C-A51C-B1C5ECDFD16E}.Debug|x86.Build.0 = Debug|Win32
		{E881DD8E-FADC-404C-A51C-B1C5ECDFD16E}.Release|x64.ActiveCfg = Release|x64
		{E881DD8E-FADC-404C-A51C-B1C5ECDFD16E}.Release|x64.Build.0 = Release|x64
		{E881DD8E-FADC-404C-A51C-B1C5ECDFD16E}.Release|x86.ActiveCfg = Release|Win32
		{E881DD8E-FADC-404C-A51C-B1C5ECDFD16E}.Release|x86.Build.0 = Release|Win32
		{5718ED3D-0505-4FF4-A7DE-2BD3254B9C3C}.Debug|x64.ActiveCfg = Debug|x64
		{5718ED3D-0505-4FF4-A7DE-2BD3254B9C3C}.Debug|x64.Build.0 = Debug|x64
		{5718ED3D-0505-4FF4-A7DE-2BD3254B9C3C}.Debug|x86.ActiveCfg = Debug|Win32
		{5718ED3D-0505-4FF4-A7DE-2BD3254B9C3C}.Debug|x86.Build.0 = Debug|Win32
		{5718ED3D-0505-4FF4-A7DE-2BD3254B9C3C}.Release|x64.ActiveCfg = Release|x64
		{5718ED3D-0505-4FF4-A7DE-2BD3254B9C3C}.Release|x64.Build.0 = Release|x64
		{5718ED3D-0505-4FF4-A7DE-2BD3254B9C3C}.Release|x86.ActiveCfg = Release|Win32
		{5718ED3D-0505-4FF4-A7DE-2BD3254B9C3C}.Release|x86.Build.0 = Release|Win32
		{BCAFBA5E-5CFB-4468-A23A-8838A6CD175E}.Debug|x64.ActiveCfg = Debug|x64
		{BCAFBA5E-5CFB-4468-A23A-8838A6CD175E}.Debug|x64.Build.0 = Debug|x64
		{BCAFBA5E-5CFB-4468-A23A-8838A6CD175E}.Debug|x86.ActiveCfg = Debug|Win32
		{BCAFBA5E-5CFB-4468-A23A-8838A6CD175E}.Debug|x86.Build.0 = Debug|Win32
		{BCAFBA5E-5CFB-4468-A23A-8838A6CD175E}.Release|x64.ActiveCfg = Release|x64
		{BCAFBA5E-5CFB-4468-A23A-8838A6CD175E}.Release|x64.Build.0 = Release|x64
		{BCAFBA5E-5CFB-4468-A23A-8838A6CD175E}.Release|x86.ActiveCfg = Release|Win32
		{BCAFBA5E-5CFB-4468-A23A-8838A6CD175E}.Release|x86.Build.0 = Release|Win32
		{0262F672-1F43-4597-B725-4DD62F41D80B}.Debug|x64.ActiveCfg = Debug|x64
		{0262F672-1F43-4597-B725-4DD62F41D80B}.Debug|x64.Build.0 = Debug|x64
		{0262F672-1F43-4597-B725-4DD62F41D80B}.Debug|x86.ActiveCfg = Debug|Win32
		{0262F672-1F43-4597-B725-4DD62F41D80B}.Debug|x86.Build.0 = Debug|Win32
		{0262F672-1F43-4597-B725-4DD62F41D80B}.Release|x64.ActiveCfg = Release|x64
		{0262F672-1F43-4597-B725-4DD62F41D80B}.Release|x64.Build.0 = Release|x64
		{0262F672-1F43-4597-B725-4DD62F41D80B}.Release|x86.ActiveCfg = Release|Win32
		{0262F672-1F43-4597-B725-4DD62F41D80B}.Release|x86.Build.0 = Release|Win32
		{F74E0CE3-CE1B-44FE-81D6-029E82530BFD}.Debug|x64.ActiveCfg = Debug|x64
		{F74E0CE3-CE1B-44FE-81D6-029E82530BFD}.Debug|x64.Build.0 = Debug|x64
		{F74E0CE3-CE1B-44FE-81D6-029E82530BFD}.Debug|x86.ActiveCfg = Debug|Win32
		{F74E0CE3-CE1B-44FE-81D6-029E82530BFD}.Debug|x86.Build.0 = Debug|Win32
		{F74E0CE3-CE1B-44FE-81D6-029E82530BFD}.Release|x64.ActiveCfg = Release|x64
		{F74E0CE3-CE1B-44FE-81D6-029E82530BFD}.Release|x64.Build.0 = Release|x64
		{F74E0CE3-CE1B-44FE-81D6-029E82530BFD}.Release|x86.ActiveCfg = Release|Win32
		{F74E0CE3-CE1B-44FE-81D6-029E82530BFD}.Release|x86.Build.0 = Release|Win32
		{5641CB39-73B1-404B-A9BA-B3D91FC51F18}.Debug|x64.ActiveCfg = Debug|x64
		{5641CB39-73B1-404B-A9BA-B3D91FC51F18}.Debug|x64.Build.0 = Debug|x64
		{5641CB39-73B1-404B-A9BA-B3D91FC51F18}.Debug|x86.ActiveCfg = Debug|Win32
		{5641CB39-73B1-404B-A9BA-B3D91FC51F18}.Debug|x86.Build.0 = Debug|Win32
		{5641CB39-73B1-404B-A9BA-B3D91FC51F18}.Release|x64.ActiveCfg = Release|x64
		{5641CB39-73B1-404B-A9BA-B3D91FC51F18}.Release|x64.Build.0 = Release|x64
		{5641CB39-73B1-404B-A9BA-B3D91FC51F18}.Release|x86.ActiveCfg = Release|Win32
		{5641CB39-73B1-404B-A9BA-B3D91FC51F18}.Release|x86.Build.0 = Release|Win32
		{E84E758B-D73C-4498-9FCA-869A5306FC3B}.Debug|x64.ActiveCfg = Debug|x64
		{E84E758B-D73C-4498-9FCA-869A5306FC3B}.Debug|x64.Build.0 = Debug|x64
		{E84E758B-D73C-4498-9FCA-869A5306FC3B}.Debug|x86.ActiveCfg = Debug|Win32
		{E84E758B-D73C-4498-9FCA-869A5306FC3B}.Debug|x86.Build.0 = Debug|Win32
		{E84E758B-D73C-4498-9FCA-869A5306FC3B}.Release|x64.ActiveCfg = Release|x64
		{E84E758B-D73C-4498-9FCA-869A5306FC3B}.Release|x64.Build.0 = Release|x64
		{E84E758B-D73C-4498-9FCA-869A5306FC3B}.Release|x86.ActiveCfg = Release|Win32
		{E84E758B-D73C-4498-9FCA-869A5306FC3B}.Release|x86.Build.0 = Release|Win32
		{42D4A3E0-5D02-4ED7-A6AC-69074B034B75}.Debug|x64.ActiveCfg = Debug|x64
		{42D4A3E0-5D02-4ED7-A6AC-69074B034B75}.Debug|x64.Build.0 = Debug|x64
		{42D4A3E0-5D02-4ED7-A6AC-69074B034B75}.Debug|x86.ActiveCfg = Debug|Win32
		{42D4A3E0-5D02-4ED7-A6AC-69074B034B75}.Debug|x86.Build.0 = Debug|Win32
		{42D4A3E0-5D02-4ED7-A6AC-69074B034B75}.Release|x64.ActiveCfg = Release|x64
		{42D4A3E0-5D02-4ED7-A6AC-69074B034B75}.Release|x64.Build.0 = Release|x64
		{42D4A3E0-5D02-4ED7-A6AC-69074B034B75}.Release|x86.ActiveCfg = Release|Win32
		{42D4A3E0-5D02-4ED7-A6AC-69074B034B75}.Release|x86.Build.0 = Release|Win32
		{D96E2B53-03EE-45A8-9020-F889FADFBFEC}.Debug|x64.ActiveCfg = Debug|x64
		{D96E2B53-03EE-45A8-9020-F889FADFBFEC}.Debug|x64.Build.0 = Debug|x64
		{D96E2B53-03EE-45A8-9020-F889FADFBFEC}.Debug|x86.ActiveCfg = Debug|Win32
		{D96E2B53-03EE-45A8-9020-F889FADFBFEC}.Debug|x86.Build.0 = Debug|Win32
		{D96E2B53-03EE-45A8-9020-F889FADFBFEC}.Release|x64.ActiveCfg = Release|x64
		{D96E2B53-03EE-45A8-9020-F889FADFBFEC}.Release|x64.Build.0 = Release|x64
		{D96E2B53-03EE-45A8-9020-F889FADFBFEC}.Release|x86.ActiveCfg = Release|Win32
		{D96E2B53-03EE-45A8-9020-F889FADFBFEC}.Release|x86.Build.0 = Release|Win32
		{049030D1-A459-4049-8D2F-5DA97AB7C253}.Debug|x64.ActiveCfg = Debug|x64
		{049030D1-A459-4049-8D2F-5DA97AB7C253}.Debug|x64.Build.0 = Debug|x64
		{049030D1-A459-4049-8D2F-5DA97AB7C253}.Debug|x86.ActiveCfg = Debug|Win32
		{049030D1-A459-4049-8D2F-5DA97AB7C253}.Debug|x86.Build.0 = Debug|Win32
		{049030D1-A459-4049-8D2F-5DA97AB7C253}.Release|x64.ActiveCfg = Release|x64
		{049030D1-A459-4049-8D2F-5DA97AB7C253}.Release|x64.Build.0 = Release|x64
		{049030D1-A459-4049-8D2F-5DA97AB7C253}.Release|x86.ActiveCfg = Release|Win32
		{049030D1-A459-4049-8D2F-5DA97AB7C253}.Release|x86.Build.0 = Release|Win32
	EndGlobalSection
	GlobalSection(SolutionProperties) = preSolution
		HideSolutionNode = FALSE
	EndGlobalSection
	GlobalSection(ExtensibilityGlobals) = postSolution
		SolutionGuid = {11E41299-2B4F-414E-87A1-B7966EB19201}
	EndGlobalSection
EndGlobal
